// !$*UTF8*$!
{
	archiveVersion = 1;
	classes = {
	};
	objectVersion = 46;
	objects = {

/* Begin PBXBuildFile section */
		347812E52086BE1300BE6EA6 /* main.cpp in Sources */ = {isa = PBXBuildFile; fileRef = 347812E42086BE1300BE6EA6 /* main.cpp */; };
		347812ED2086BE3300BE6EA6 /* node.cpp in Sources */ = {isa = PBXBuildFile; fileRef = 347812EB2086BE3300BE6EA6 /* node.cpp */; };
		347812F02086BEAC00BE6EA6 /* bst.cpp in Sources */ = {isa = PBXBuildFile; fileRef = 347812EE2086BEAC00BE6EA6 /* bst.cpp */; };
/* End PBXBuildFile section */

/* Begin PBXCopyFilesBuildPhase section */
		347812DF2086BE1300BE6EA6 /* CopyFiles */ = {
			isa = PBXCopyFilesBuildPhase;
			buildActionMask = 2147483647;
			dstPath = /usr/share/man/man1/;
			dstSubfolderSpec = 0;
			files = (
			);
			runOnlyForDeploymentPostprocessing = 1;
		};
/* End PBXCopyFilesBuildPhase section */

/* Begin PBXFileReference section */
		347812E12086BE1300BE6EA6 /* lab11_MatthewF */ = {isa = PBXFileReference; explicitFileType = "compiled.mach-o.executable"; includeInIndex = 0; path = lab11_MatthewF; sourceTree = BUILT_PRODUCTS_DIR; };
		347812E42086BE1300BE6EA6 /* main.cpp */ = {isa = PBXFileReference; lastKnownFileType = sourcecode.cpp.cpp; path = main.cpp; sourceTree = "<group>"; };
		347812EB2086BE3300BE6EA6 /* node.cpp */ = {isa = PBXFileReference; fileEncoding = 4; lastKnownFileType = sourcecode.cpp.cpp; path = node.cpp; sourceTree = "<group>"; };
		347812EC2086BE3300BE6EA6 /* node.hpp */ = {isa = PBXFileReference; fileEncoding = 4; lastKnownFileType = sourcecode.cpp.h; path = node.hpp; sourceTree = "<group>"; };
		347812EE2086BEAC00BE6EA6 /* bst.cpp */ = {isa = PBXFileReference; fileEncoding = 4; lastKnownFileType = sourcecode.cpp.cpp; path = bst.cpp; sourceTree = "<group>"; };
		347812EF2086BEAC00BE6EA6 /* bst.hpp */ = {isa = PBXFileReference; fileEncoding = 4; lastKnownFileType = sourcecode.cpp.h; path = bst.hpp; sourceTree = "<group>"; };
/* End PBXFileReference section */

/* Begin PBXFrameworksBuildPhase section */
		347812DE2086BE1300BE6EA6 /* Frameworks */ = {
			isa = PBXFrameworksBuildPhase;
			buildActionMask = 2147483647;
			files = (
			);
			runOnlyForDeploymentPostprocessing = 0;
		};
/* End PBXFrameworksBuildPhase section */

/* Begin PBXGroup section */
		347812D82086BE1300BE6EA6 = {
			isa = PBXGroup;
			children = (
				347812E32086BE1300BE6EA6 /* lab11_MatthewF */,
				347812E22086BE1300BE6EA6 /* Products */,
			);
			sourceTree = "<group>";
		};
		347812E22086BE1300BE6EA6 /* Products */ = {
			isa = PBXGroup;
			children = (
				347812E12086BE1300BE6EA6 /* lab11_MatthewF */,
			);
			name = Products;
			sourceTree = "<group>";
		};
		347812E32086BE1300BE6EA6 /* lab11_MatthewF */ = {
			isa = PBXGroup;
			children = (
				347812E42086BE1300BE6EA6 /* main.cpp */,
				347812EE2086BEAC00BE6EA6 /* bst.cpp */,
				347812EF2086BEAC00BE6EA6 /* bst.hpp */,
				347812EB2086BE3300BE6EA6 /* node.cpp */,
				347812EC2086BE3300BE6EA6 /* node.hpp */,
			);
			path = lab11_MatthewF;
			sourceTree = "<group>";
		};
/* End PBXGroup section */

/* Begin PBXNativeTarget section */
		347812E02086BE1300BE6EA6 /* lab11_MatthewF */ = {
			isa = PBXNativeTarget;
			buildConfigurationList = 347812E82086BE1300BE6EA6 /* Build configuration list for PBXNativeTarget "lab11_MatthewF" */;
			buildPhases = (
				347812DD2086BE1300BE6EA6 /* Sources */,
				347812DE2086BE1300BE6EA6 /* Frameworks */,
				347812DF2086BE1300BE6EA6 /* CopyFiles */,
			);
			buildRules = (
			);
			dependencies = (
			);
			name = lab11_MatthewF;
			productName = lab11_MatthewF;
			productReference = 347812E12086BE1300BE6EA6 /* lab11_MatthewF */;
			productType = "com.apple.product-type.tool";
		};
/* End PBXNativeTarget section */

/* Begin PBXProject section */
		347812D92086BE1300BE6EA6 /* Project object */ = {
			isa = PBXProject;
			attributes = {
				LastUpgradeCheck = 0830;
				ORGANIZATIONNAME = Matthew;
				TargetAttributes = {
					347812E02086BE1300BE6EA6 = {
						CreatedOnToolsVersion = 8.3.3;
						ProvisioningStyle = Automatic;
					};
				};
			};
			buildConfigurationList = 347812DC2086BE1300BE6EA6 /* Build configuration list for PBXProject "lab11_MatthewF" */;
			compatibilityVersion = "Xcode 3.2";
			developmentRegion = English;
			hasScannedForEncodings = 0;
			knownRegions = (
				en,
			);
			mainGroup = 347812D82086BE1300BE6EA6;
			productRefGroup = 347812E22086BE1300BE6EA6 /* Products */;
			projectDirPath = "";
			projectRoot = "";
			targets = (
				347812E02086BE1300BE6EA6 /* lab11_MatthewF */,
			);
		};
/* End PBXProject section */

/* Begin PBXSourcesBuildPhase section */
		347812DD2086BE1300BE6EA6 /* Sources */ = {
			isa = PBXSourcesBuildPhase;
			buildActionMask = 2147483647;
			files = (
				347812F02086BEAC00BE6EA6 /* bst.cpp in Sources */,
				347812E52086BE1300BE6EA6 /* main.cpp in Sources */,
				347812ED2086BE3300BE6EA6 /* node.cpp in Sources */,
			);
			runOnlyForDeploymentPostprocessing = 0;
		};
/* End PBXSourcesBuildPhase section */

/* Begin XCBuildConfiguration section */
		347812E62086BE1300BE6EA6 /* Debug */ = {
			isa = XCBuildConfiguration;
			buildSettings = {
				ALWAYS_SEARCH_USER_PATHS = NO;
				CLANG_ANALYZER_NONNULL = YES;
				CLANG_ANALYZER_NUMBER_OBJECT_CONVERSION = YES_AGGRESSIVE;
				CLANG_CXX_LANGUAGE_STANDARD = "gnu++0x";
				CLANG_CXX_LIBRARY = "libc++";
				CLANG_ENABLE_MODULES = YES;
				CLANG_ENABLE_OBJC_ARC = YES;
				CLANG_WARN_BOOL_CONVERSION = YES;
				CLANG_WARN_CONSTANT_CONVERSION = YES;
				CLANG_WARN_DIRECT_OBJC_ISA_USAGE = YES_ERROR;
				CLANG_WARN_DOCUMENTATION_COMMENTS = YES;
				CLANG_WARN_EMPTY_BODY = YES;
				CLANG_WARN_ENUM_CONVERSION = YES;
				CLANG_WARN_INFINITE_RECURSION = YES;
				CLANG_WARN_INT_CONVERSION = YES;
				CLANG_WARN_OBJC_ROOT_CLASS = YES_ERROR;
				CLANG_WARN_SUSPICIOUS_MOVE = YES;
				CLANG_WARN_UNREACHABLE_CODE = YES;
				CLANG_WARN__DUPLICATE_METHOD_MATCH = YES;
				CODE_SIGN_IDENTITY = "-";
				COPY_PHASE_STRIP = NO;
				DEBUG_INFORMATION_FORMAT = dwarf;
				ENABLE_STRICT_OBJC_MSGSEND = YES;
				ENABLE_TESTABILITY = YES;
				GCC_C_LANGUAGE_STANDARD = gnu99;
				GCC_DYNAMIC_NO_PIC = NO;
				GCC_NO_COMMON_BLOCKS = YES;
				GCC_OPTIMIZATION_LEVEL = 0;
				GCC_PREPROCESSOR_DEFINITIONS = (
					"DEBUG=1",
					"$(inherited)",
				);
				GCC_WARN_64_TO_32_BIT_CONVERSION = YES;
				GCC_WARN_ABOUT_RETURN_TYPE = YES_ERROR;
				GCC_WARN_UNDECLARED_SELECTOR = YES;
				GCC_WARN_UNINITIALIZED_AUTOS = YES_AGGRESSIVE;
				GCC_WARN_UNUSED_FUNCTION = YES;
				GCC_WARN_UNUSED_VARIABLE = YES;
				MACOSX_DEPLOYMENT_TARGET = 10.12;
				MTL_ENABLE_DEBUG_INFO = YES;
				ONLY_ACTIVE_ARCH = YES;
				SDKROOT = macosx;
			};
			name = Debug;
		};
		347812E72086BE1300BE6EA6 /* Release */ = {
			isa = XCBuildConfiguration;
			buildSettings = {
				ALWAYS_SEARCH_USER_PATHS = NO;
				CLANG_ANALYZER_NONNULL = YES;
				CLANG_ANALYZER_NUMBER_OBJECT_CONVERSION = YES_AGGRESSIVE;
				CLANG_CXX_LANGUAGE_STANDARD = "gnu++0x";
				CLANG_CXX_LIBRARY = "libc++";
				CLANG_ENABLE_MODULES = YES;
				CLANG_ENABLE_OBJC_ARC = YES;
				CLANG_WARN_BOOL_CONVERSION = YES;
				CLANG_WARN_CONSTANT_CONVERSION = YES;
				CLANG_WARN_DIRECT_OBJC_ISA_USAGE = YES_ERROR;
				CLANG_WARN_DOCUMENTATION_COMMENTS = YES;
				CLANG_WARN_EMPTY_BODY = YES;
				CLANG_WARN_ENUM_CONVERSION = YES;
				CLANG_WARN_INFINITE_RECURSION = YES;
				CLANG_WARN_INT_CONVERSION = YES;
				CLANG_WARN_OBJC_ROOT_CLASS = YES_ERROR;
				CLANG_WARN_SUSPICIOUS_MOVE = YES;
				CLANG_WARN_UNREACHABLE_CODE = YES;
				CLANG_WARN__DUPLICATE_METHOD_MATCH = YES;
				CODE_SIGN_IDENTITY = "-";
				COPY_PHASE_STRIP = NO;
				DEBUG_INFORMATION_FORMAT = "dwarf-with-dsym";
				ENABLE_NS_ASSERTIONS = NO;
				ENABLE_STRICT_OBJC_MSGSEND = YES;
				GCC_C_LANGUAGE_STANDARD = gnu99;
				GCC_NO_COMMON_BLOCKS = YES;
				GCC_WARN_64_TO_32_BIT_CONVERSION = YES;
				GCC_WARN_ABOUT_RETURN_TYPE = YES_ERROR;
				GCC_WARN_UNDECLARED_SELECTOR = YES;
				GCC_WARN_UNINITIALIZED_AUTOS = YES_AGGRESSIVE;
				GCC_WARN_UNUSED_FUNCTION = YES;
				GCC_WARN_UNUSED_VARIABLE = YES;
				MACOSX_DEPLOYMENT_TARGET = 10.12;
				MTL_ENABLE_DEBUG_INFO = NO;
				SDKROOT = macosx;
			};
			name = Release;
		};
		347812E92086BE1300BE6EA6 /* Debug */ = {
			isa = XCBuildConfiguration;
			buildSettings = {
				PRODUCT_NAME = "$(TARGET_NAME)";
			};
			name = Debug;
		};
		347812EA2086BE1300BE6EA6 /* Release */ = {
			isa = XCBuildConfiguration;
			buildSettings = {
				PRODUCT_NAME = "$(TARGET_NAME)";
			};
			name = Release;
		};
/* End XCBuildConfiguration section */

/* Begin XCConfigurationList section */
		347812DC2086BE1300BE6EA6 /* Build configuration list for PBXProject "lab11_MatthewF" */ = {
			isa = XCConfigurationList;
			buildConfigurations = (
				347812E62086BE1300BE6EA6 /* Debug */,
				347812E72086BE1300BE6EA6 /* Release */,
			);
			defaultConfigurationIsVisible = 0;
			defaultConfigurationName = Release;
		};
		347812E82086BE1300BE6EA6 /* Build configuration list for PBXNativeTarget "lab11_MatthewF" */ = {
			isa = XCConfigurationList;
			buildConfigurations = (
				347812E92086BE1300BE6EA6 /* Debug */,
				347812EA2086BE1300BE6EA6 /* Release */,
			);
			defaultConfigurationIsVisible = 0;
		};
/* End XCConfigurationList section */
	};
	rootObject = 347812D92086BE1300BE6EA6 /* Project object */;
}
